
Microsoft Visual Studio Solution File, Format Version 12.00
# Visual Studio Version 17
VisualStudioVersion = 17.10.35027.167
MinimumVisualStudioVersion = 10.0.40219.1
Project("{FAE04EC0-301F-11D3-BF4B-00C04F79EFBC}") = "ICC", "ICC\ICC.csproj", "{F17C7A24-6006-4F70-9206-D677C0483C49}"
EndProject
Project("{FAE04EC0-301F-11D3-BF4B-00C04F79EFBC}") = "ICC.Tests", "ICC.Tests\ICC.Tests.csproj", "{235E819B-49C3-4E2C-9672-CF774653BC7C}"
EndProject
Global
	GlobalSection(SolutionConfigurationPlatforms) = preSolution
		Debug|Any CPU = Debug|Any CPU
		Release|Any CPU = Release|Any CPU
	EndGlobalSection
	GlobalSection(ProjectConfigurationPlatforms) = postSolution
		{F17C7A24-6006-4F70-9206-D677C0483C49}.Debug|Any CPU.ActiveCfg = Debug|Any CPU
		{F17C7A24-6006-4F70-9206-D677C0483C49}.Debug|Any CPU.Build.0 = Debug|Any CPU
		{F17C7A24-6006-4F70-9206-D677C0483C49}.Release|Any CPU.ActiveCfg = Release|Any CPU
		{F17C7A24-6006-4F70-9206-D677C0483C49}.Release|Any CPU.Build.0 = Release|Any CPU
		{235E819B-49C3-4E2C-9672-CF774653BC7C}.Debug|Any CPU.ActiveCfg = Debug|Any CPU
		{235E819B-49C3-4E2C-9672-CF774653BC7C}.Debug|Any CPU.Build.0 = Debug|Any CPU
		{235E819B-49C3-4E2C-9672-CF774653BC7C}.Release|Any CPU.ActiveCfg = Release|Any CPU
		{235E819B-49C3-4E2C-9672-CF774653BC7C}.Release|Any CPU.Build.0 = Release|Any CPU
	EndGlobalSection
	GlobalSection(SolutionProperties) = preSolution
		HideSolutionNode = FALSE
	EndGlobalSection
	GlobalSection(ExtensibilityGlobals) = postSolution
		SolutionGuid = {CF77B29B-396B-4E03-B8F8-5C6060ABB614}
	EndGlobalSection
EndGlobal
